
Microsoft Visual Studio Solution File, Format Version 12.00
# Visual Studio Version 17
VisualStudioVersion = 17.9.34616.47
MinimumVisualStudioVersion = 10.0.40219.1
Project("{9A19103F-16F7-4668-BE54-9A1E7A4F7556}") = "Teste.Api", "Teste.Api.csproj", "{43F063A0-8211-42B3-88C2-49FE127FB0C4}"
EndProject
Project("{9A19103F-16F7-4668-BE54-9A1E7A4F7556}") = "Teste.Aplicacao", "Teste.Aplicacao\Teste.Aplicacao.csproj", "{E09F8245-A222-436B-80B3-BCA7E58E77A2}"
EndProject
Project("{9A19103F-16F7-4668-BE54-9A1E7A4F7556}") = "Teste.Models", "Teste.Models\Teste.Models.csproj", "{00D7F82E-9F35-4655-BB3E-9D5AE2122990}"
EndProject
Project("{9A19103F-16F7-4668-BE54-9A1E7A4F7556}") = "Teste.Controllers", "Teste.Controllers\Teste.Controllers\Teste.Controllers.csproj", "{EA592BBD-E72A-441A-B62E-1E4527F91C0C}"
EndProject
Project("{FAE04EC0-301F-11D3-BF4B-00C04F79EFBC}") = "Teste.TesteUnitarios", "Teste.TesteUnitarios\Teste.TesteUnitarios.csproj", "{BEB645D5-1AD9-4568-B609-D4245AB98074}"
EndProject
Project("{FAE04EC0-301F-11D3-BF4B-00C04F79EFBC}") = "Teste.Repositorio", "Teste.Repositorio\Teste.Repositorio.csproj", "{6953680A-ABA0-4E70-862C-C6C7C63615FE}"
EndProject
Global
	GlobalSection(SolutionConfigurationPlatforms) = preSolution
		Debug|Any CPU = Debug|Any CPU
		Release|Any CPU = Release|Any CPU
	EndGlobalSection
	GlobalSection(ProjectConfigurationPlatforms) = postSolution
		{43F063A0-8211-42B3-88C2-49FE127FB0C4}.Debug|Any CPU.ActiveCfg = Debug|Any CPU
		{43F063A0-8211-42B3-88C2-49FE127FB0C4}.Debug|Any CPU.Build.0 = Debug|Any CPU
		{43F063A0-8211-42B3-88C2-49FE127FB0C4}.Release|Any CPU.ActiveCfg = Release|Any CPU
		{43F063A0-8211-42B3-88C2-49FE127FB0C4}.Release|Any CPU.Build.0 = Release|Any CPU
		{E09F8245-A222-436B-80B3-BCA7E58E77A2}.Debug|Any CPU.ActiveCfg = Debug|Any CPU
		{E09F8245-A222-436B-80B3-BCA7E58E77A2}.Debug|Any CPU.Build.0 = Debug|Any CPU
		{E09F8245-A222-436B-80B3-BCA7E58E77A2}.Release|Any CPU.ActiveCfg = Release|Any CPU
		{E09F8245-A222-436B-80B3-BCA7E58E77A2}.Release|Any CPU.Build.0 = Release|Any CPU
		{00D7F82E-9F35-4655-BB3E-9D5AE2122990}.Debug|Any CPU.ActiveCfg = Debug|Any CPU
		{00D7F82E-9F35-4655-BB3E-9D5AE2122990}.Debug|Any CPU.Build.0 = Debug|Any CPU
		{00D7F82E-9F35-4655-BB3E-9D5AE2122990}.Release|Any CPU.ActiveCfg = Release|Any CPU
		{00D7F82E-9F35-4655-BB3E-9D5AE2122990}.Release|Any CPU.Build.0 = Release|Any CPU
		{EA592BBD-E72A-441A-B62E-1E4527F91C0C}.Debug|Any CPU.ActiveCfg = Debug|Any CPU
		{EA592BBD-E72A-441A-B62E-1E4527F91C0C}.Debug|Any CPU.Build.0 = Debug|Any CPU
		{EA592BBD-E72A-441A-B62E-1E4527F91C0C}.Release|Any CPU.ActiveCfg = Release|Any CPU
		{EA592BBD-E72A-441A-B62E-1E4527F91C0C}.Release|Any CPU.Build.0 = Release|Any CPU
		{BEB645D5-1AD9-4568-B609-D4245AB98074}.Debug|Any CPU.ActiveCfg = Debug|Any CPU
		{BEB645D5-1AD9-4568-B609-D4245AB98074}.Debug|Any CPU.Build.0 = Debug|Any CPU
		{BEB645D5-1AD9-4568-B609-D4245AB98074}.Release|Any CPU.ActiveCfg = Release|Any CPU
		{BEB645D5-1AD9-4568-B609-D4245AB98074}.Release|Any CPU.Build.0 = Release|Any CPU
		{6953680A-ABA0-4E70-862C-C6C7C63615FE}.Debug|Any CPU.ActiveCfg = Debug|Any CPU
		{6953680A-ABA0-4E70-862C-C6C7C63615FE}.Debug|Any CPU.Build.0 = Debug|Any CPU
		{6953680A-ABA0-4E70-862C-C6C7C63615FE}.Release|Any CPU.ActiveCfg = Release|Any CPU
		{6953680A-ABA0-4E70-862C-C6C7C63615FE}.Release|Any CPU.Build.0 = Release|Any CPU
	EndGlobalSection
	GlobalSection(SolutionProperties) = preSolution
		HideSolutionNode = FALSE
	EndGlobalSection
	GlobalSection(ExtensibilityGlobals) = postSolution
		SolutionGuid = {0E6D7635-426C-4A0B-A7AB-62BF27013206}
	EndGlobalSection
EndGlobal
